
Microsoft Visual Studio Solution File, Format Version 12.00
# Visual Studio 15
VisualStudioVersion = 15.0.27130.2026
MinimumVisualStudioVersion = 10.0.40219.1
Project("{FAE04EC0-301F-11D3-BF4B-00C04F79EFBC}") = "CajuBio.Android", "CajuBio\CajuBio.Android\CajuBio.Android.csproj", "{2B2BAB93-16EE-4033-8344-09553BC75B02}"
EndProject
Project("{FAE04EC0-301F-11D3-BF4B-00C04F79EFBC}") = "CajuBio.iOS", "CajuBio\CajuBio.iOS\CajuBio.iOS.csproj", "{9C41AB41-5FC4-4CE8-B8DD-1C36B0AD7969}"
EndProject
Project("{FAE04EC0-301F-11D3-BF4B-00C04F79EFBC}") = "CajuBio.UWP", "CajuBio\CajuBio.UWP\CajuBio.UWP.csproj", "{D1EB2C58-39CC-4F1C-9D78-D267363972DB}"
EndProject
Project("{D954291E-2A0B-460D-934E-DC6B0785DB48}") = "CajuBio", "CajuBio\CajuBio\CajuBio.shproj", "{4EECC5DC-3DC7-42E1-B85A-7E266C26272E}"
EndProject
Global
	GlobalSection(SharedMSBuildProjectFiles) = preSolution
		CajuBio\CajuBio\CajuBio.projitems*{2b2bab93-16ee-4033-8344-09553bc75b02}*SharedItemsImports = 4
		CajuBio\CajuBio\CajuBio.projitems*{4eecc5dc-3dc7-42e1-b85a-7e266c26272e}*SharedItemsImports = 13
		CajuBio\CajuBio\CajuBio.projitems*{9c41ab41-5fc4-4ce8-b8dd-1c36b0ad7969}*SharedItemsImports = 4
		CajuBio\CajuBio\CajuBio.projitems*{d1eb2c58-39cc-4f1c-9d78-d267363972db}*SharedItemsImports = 4
	EndGlobalSection
	GlobalSection(SolutionConfigurationPlatforms) = preSolution
		Ad-Hoc|Any CPU = Ad-Hoc|Any CPU
		Ad-Hoc|ARM = Ad-Hoc|ARM
		Ad-Hoc|iPhone = Ad-Hoc|iPhone
		Ad-Hoc|iPhoneSimulator = Ad-Hoc|iPhoneSimulator
		Ad-Hoc|x64 = Ad-Hoc|x64
		Ad-Hoc|x86 = Ad-Hoc|x86
		AppStore|Any CPU = AppStore|Any CPU
		AppStore|ARM = AppStore|ARM
		AppStore|iPhone = AppStore|iPhone
		AppStore|iPhoneSimulator = AppStore|iPhoneSimulator
		AppStore|x64 = AppStore|x64
		AppStore|x86 = AppStore|x86
		Debug|Any CPU = Debug|Any CPU
		Debug|ARM = Debug|ARM
		Debug|iPhone = Debug|iPhone
		Debug|iPhoneSimulator = Debug|iPhoneSimulator
		Debug|x64 = Debug|x64
		Debug|x86 = Debug|x86
		Release|Any CPU = Release|Any CPU
		Release|ARM = Release|ARM
		Release|iPhone = Release|iPhone
		Release|iPhoneSimulator = Release|iPhoneSimulator
		Release|x64 = Release|x64
		Release|x86 = Release|x86
	EndGlobalSection
	GlobalSection(ProjectConfigurationPlatforms) = postSolution
		{2B2BAB93-16EE-4033-8344-09553BC75B02}.Ad-Hoc|Any CPU.ActiveCfg = Release|Any CPU
		{2B2BAB93-16EE-4033-8344-09553BC75B02}.Ad-Hoc|Any CPU.Build.0 = Release|Any CPU
		{2B2BAB93-16EE-4033-8344-09553BC75B02}.Ad-Hoc|Any CPU.Deploy.0 = Release|Any CPU
		{2B2BAB93-16EE-4033-8344-09553BC75B02}.Ad-Hoc|ARM.ActiveCfg = Release|Any CPU
		{2B2BAB93-16EE-4033-8344-09553BC75B02}.Ad-Hoc|ARM.Build.0 = Release|Any CPU
		{2B2BAB93-16EE-4033-8344-09553BC75B02}.Ad-Hoc|ARM.Deploy.0 = Release|Any CPU
		{2B2BAB93-16EE-4033-8344-09553BC75B02}.Ad-Hoc|iPhone.ActiveCfg = Release|Any CPU
		{2B2BAB93-16EE-4033-8344-09553BC75B02}.Ad-Hoc|iPhone.Build.0 = Release|Any CPU
		{2B2BAB93-16EE-4033-8344-09553BC75B02}.Ad-Hoc|iPhone.Deploy.0 = Release|Any CPU
		{2B2BAB93-16EE-4033-8344-09553BC75B02}.Ad-Hoc|iPhoneSimulator.ActiveCfg = Release|Any CPU
		{2B2BAB93-16EE-4033-8344-09553BC75B02}.Ad-Hoc|iPhoneSimulator.Build.0 = Release|Any CPU
		{2B2BAB93-16EE-4033-8344-09553BC75B02}.Ad-Hoc|iPhoneSimulator.Deploy.0 = Release|Any CPU
		{2B2BAB93-16EE-4033-8344-09553BC75B02}.Ad-Hoc|x64.ActiveCfg = Release|Any CPU
		{2B2BAB93-16EE-4033-8344-09553BC75B02}.Ad-Hoc|x64.Build.0 = Release|Any CPU
		{2B2BAB93-16EE-4033-8344-09553BC75B02}.Ad-Hoc|x64.Deploy.0 = Release|Any CPU
		{2B2BAB93-16EE-4033-8344-09553BC75B02}.Ad-Hoc|x86.ActiveCfg = Release|Any CPU
		{2B2BAB93-16EE-4033-8344-09553BC75B02}.Ad-Hoc|x86.Build.0 = Release|Any CPU
		{2B2BAB93-16EE-4033-8344-09553BC75B02}.Ad-Hoc|x86.Deploy.0 = Release|Any CPU
		{2B2BAB93-16EE-4033-8344-09553BC75B02}.AppStore|Any CPU.ActiveCfg = Release|Any CPU
		{2B2BAB93-16EE-4033-8344-09553BC75B02}.AppStore|Any CPU.Build.0 = Release|Any CPU
		{2B2BAB93-16EE-4033-8344-09553BC75B02}.AppStore|Any CPU.Deploy.0 = Release|Any CPU
		{2B2BAB93-16EE-4033-8344-09553BC75B02}.AppStore|ARM.ActiveCfg = Release|Any CPU
		{2B2BAB93-16EE-4033-8344-09553BC75B02}.AppStore|ARM.Build.0 = Release|Any CPU
		{2B2BAB93-16EE-4033-8344-09553BC75B02}.AppStore|ARM.Deploy.0 = Release|Any CPU
		{2B2BAB93-16EE-4033-8344-09553BC75B02}.AppStore|iPhone.ActiveCfg = Release|Any CPU
		{2B2BAB93-16EE-4033-8344-09553BC75B02}.AppStore|iPhone.Build.0 = Release|Any CPU
		{2B2BAB93-16EE-4033-8344-09553BC75B02}.AppStore|iPhone.Deploy.0 = Release|Any CPU
		{2B2BAB93-16EE-4033-8344-09553BC75B02}.AppStore|iPhoneSimulator.ActiveCfg = Release|Any CPU
		{2B2BAB93-16EE-4033-8344-09553BC75B02}.AppStore|iPhoneSimulator.Build.0 = Release|Any CPU
		{2B2BAB93-16EE-4033-8344-09553BC75B02}.AppStore|iPhoneSimulator.Deploy.0 = Release|Any CPU
		{2B2BAB93-16EE-4033-8344-09553BC75B02}.AppStore|x64.ActiveCfg = Release|Any CPU
		{2B2BAB93-16EE-4033-8344-09553BC75B02}.AppStore|x64.Build.0 = Release|Any CPU
		{2B2BAB93-16EE-4033-8344-09553BC75B02}.AppStore|x64.Deploy.0 = Release|Any CPU
		{2B2BAB93-16EE-4033-8344-09553BC75B02}.AppStore|x86.ActiveCfg = Release|Any CPU
		{2B2BAB93-16EE-4033-8344-09553BC75B02}.AppStore|x86.Build.0 = Release|Any CPU
		{2B2BAB93-16EE-4033-8344-09553BC75B02}.AppStore|x86.Deploy.0 = Release|Any CPU
		{2B2BAB93-16EE-4033-8344-09553BC75B02}.Debug|Any CPU.ActiveCfg = Debug|Any CPU
		{2B2BAB93-16EE-4033-8344-09553BC75B02}.Debug|Any CPU.Build.0 = Debug|Any CPU
		{2B2BAB93-16EE-4033-8344-09553BC75B02}.Debug|Any CPU.Deploy.0 = Debug|Any CPU
		{2B2BAB93-16EE-4033-8344-09553BC75B02}.Debug|ARM.ActiveCfg = Debug|Any CPU
		{2B2BAB93-16EE-4033-8344-09553BC75B02}.Debug|ARM.Build.0 = Debug|Any CPU
		{2B2BAB93-16EE-4033-8344-09553BC75B02}.Debug|ARM.Deploy.0 = Debug|Any CPU
		{2B2BAB93-16EE-4033-8344-09553BC75B02}.Debug|iPhone.ActiveCfg = Debug|Any CPU
		{2B2BAB93-16EE-4033-8344-09553BC75B02}.Debug|iPhone.Build.0 = Debug|Any CPU
		{2B2BAB93-16EE-4033-8344-09553BC75B02}.Debug|iPhone.Deploy.0 = Debug|Any CPU
		{2B2BAB93-16EE-4033-8344-09553BC75B02}.Debug|iPhoneSimulator.ActiveCfg = Debug|Any CPU
		{2B2BAB93-16EE-4033-8344-09553BC75B02}.Debug|iPhoneSimulator.Build.0 = Debug|Any CPU
		{2B2BAB93-16EE-4033-8344-09553BC75B02}.Debug|iPhoneSimulator.Deploy.0 = Debug|Any CPU
		{2B2BAB93-16EE-4033-8344-09553BC75B02}.Debug|x64.ActiveCfg = Debug|Any CPU
		{2B2BAB93-16EE-4033-8344-09553BC75B02}.Debug|x64.Build.0 = Debug|Any CPU
		{2B2BAB93-16EE-4033-8344-09553BC75B02}.Debug|x64.Deploy.0 = Debug|Any CPU
		{2B2BAB93-16EE-4033-8344-09553BC75B02}.Debug|x86.ActiveCfg = Debug|Any CPU
		{2B2BAB93-16EE-4033-8344-09553BC75B02}.Debug|x86.Build.0 = Debug|Any CPU
		{2B2BAB93-16EE-4033-8344-09553BC75B02}.Debug|x86.Deploy.0 = Debug|Any CPU
		{2B2BAB93-16EE-4033-8344-09553BC75B02}.Release|Any CPU.ActiveCfg = Release|Any CPU
		{2B2BAB93-16EE-4033-8344-09553BC75B02}.Release|Any CPU.Build.0 = Release|Any CPU
		{2B2BAB93-16EE-4033-8344-09553BC75B02}.Release|Any CPU.Deploy.0 = Release|Any CPU
		{2B2BAB93-16EE-4033-8344-09553BC75B02}.Release|ARM.ActiveCfg = Release|Any CPU
		{2B2BAB93-16EE-4033-8344-09553BC75B02}.Release|ARM.Build.0 = Release|Any CPU
		{2B2BAB93-16EE-4033-8344-09553BC75B02}.Release|ARM.Deploy.0 = Release|Any CPU
		{2B2BAB93-16EE-4033-8344-09553BC75B02}.Release|iPhone.ActiveCfg = Release|Any CPU
		{2B2BAB93-16EE-4033-8344-09553BC75B02}.Release|iPhone.Build.0 = Release|Any CPU
		{2B2BAB93-16EE-4033-8344-09553BC75B02}.Release|iPhone.Deploy.0 = Release|Any CPU
		{2B2BAB93-16EE-4033-8344-09553BC75B02}.Release|iPhoneSimulator.ActiveCfg = Release|Any CPU
		{2B2BAB93-16EE-4033-8344-09553BC75B02}.Release|iPhoneSimulator.Build.0 = Release|Any CPU
		{2B2BAB93-16EE-4033-8344-09553BC75B02}.Release|iPhoneSimulator.Deploy.0 = Release|Any CPU
		{2B2BAB93-16EE-4033-8344-09553BC75B02}.Release|x64.ActiveCfg = Release|Any CPU
		{2B2BAB93-16EE-4033-8344-09553BC75B02}.Release|x64.Build.0 = Release|Any CPU
		{2B2BAB93-16EE-4033-8344-09553BC75B02}.Release|x64.Deploy.0 = Release|Any CPU
		{2B2BAB93-16EE-4033-8344-09553BC75B02}.Release|x86.ActiveCfg = Release|Any CPU
		{2B2BAB93-16EE-4033-8344-09553BC75B02}.Release|x86.Build.0 = Release|Any CPU
		{2B2BAB93-16EE-4033-8344-09553BC75B02}.Release|x86.Deploy.0 = Release|Any CPU
		{9C41AB41-5FC4-4CE8-B8DD-1C36B0AD7969}.Ad-Hoc|Any CPU.ActiveCfg = Ad-Hoc|iPhone
		{9C41AB41-5FC4-4CE8-B8DD-1C36B0AD7969}.Ad-Hoc|ARM.ActiveCfg = Ad-Hoc|iPhone
		{9C41AB41-5FC4-4CE8-B8DD-1C36B0AD7969}.Ad-Hoc|iPhone.ActiveCfg = Ad-Hoc|iPhone
		{9C41AB41-5FC4-4CE8-B8DD-1C36B0AD7969}.Ad-Hoc|iPhone.Build.0 = Ad-Hoc|iPhone
		{9C41AB41-5FC4-4CE8-B8DD-1C36B0AD7969}.Ad-Hoc|iPhoneSimulator.ActiveCfg = Ad-Hoc|iPhoneSimulator
		{9C41AB41-5FC4-4CE8-B8DD-1C36B0AD7969}.Ad-Hoc|iPhoneSimulator.Build.0 = Ad-Hoc|iPhoneSimulator
		{9C41AB41-5FC4-4CE8-B8DD-1C36B0AD7969}.Ad-Hoc|x64.ActiveCfg = Ad-Hoc|iPhone
		{9C41AB41-5FC4-4CE8-B8DD-1C36B0AD7969}.Ad-Hoc|x86.ActiveCfg = Ad-Hoc|iPhone
		{9C41AB41-5FC4-4CE8-B8DD-1C36B0AD7969}.AppStore|Any CPU.ActiveCfg = AppStore|iPhone
		{9C41AB41-5FC4-4CE8-B8DD-1C36B0AD7969}.AppStore|ARM.ActiveCfg = AppStore|iPhone
		{9C41AB41-5FC4-4CE8-B8DD-1C36B0AD7969}.AppStore|iPhone.ActiveCfg = AppStore|iPhone
		{9C41AB41-5FC4-4CE8-B8DD-1C36B0AD7969}.AppStore|iPhone.Build.0 = AppStore|iPhone
		{9C41AB41-5FC4-4CE8-B8DD-1C36B0AD7969}.AppStore|iPhoneSimulator.ActiveCfg = AppStore|iPhoneSimulator
		{9C41AB41-5FC4-4CE8-B8DD-1C36B0AD7969}.AppStore|iPhoneSimulator.Build.0 = AppStore|iPhoneSimulator
		{9C41AB41-5FC4-4CE8-B8DD-1C36B0AD7969}.AppStore|x64.ActiveCfg = AppStore|iPhone
		{9C41AB41-5FC4-4CE8-B8DD-1C36B0AD7969}.AppStore|x86.ActiveCfg = AppStore|iPhone
		{9C41AB41-5FC4-4CE8-B8DD-1C36B0AD7969}.Debug|Any CPU.ActiveCfg = Debug|iPhone
		{9C41AB41-5FC4-4CE8-B8DD-1C36B0AD7969}.Debug|ARM.ActiveCfg = Debug|iPhone
		{9C41AB41-5FC4-4CE8-B8DD-1C36B0AD7969}.Debug|iPhone.ActiveCfg = Debug|iPhone
		{9C41AB41-5FC4-4CE8-B8DD-1C36B0AD7969}.Debug|iPhone.Build.0 = Debug|iPhone
		{9C41AB41-5FC4-4CE8-B8DD-1C36B0AD7969}.Debug|iPhoneSimulator.ActiveCfg = Debug|iPhoneSimulator
		{9C41AB41-5FC4-4CE8-B8DD-1C36B0AD7969}.Debug|iPhoneSimulator.Build.0 = Debug|iPhoneSimulator
		{9C41AB41-5FC4-4CE8-B8DD-1C36B0AD7969}.Debug|x64.ActiveCfg = Debug|iPhone
		{9C41AB41-5FC4-4CE8-B8DD-1C36B0AD7969}.Debug|x86.ActiveCfg = Debug|iPhone
		{9C41AB41-5FC4-4CE8-B8DD-1C36B0AD7969}.Release|Any CPU.ActiveCfg = Release|iPhone
		{9C41AB41-5FC4-4CE8-B8DD-1C36B0AD7969}.Release|ARM.ActiveCfg = Release|iPhone
		{9C41AB41-5FC4-4CE8-B8DD-1C36B0AD7969}.Release|iPhone.ActiveCfg = Release|iPhone
		{9C41AB41-5FC4-4CE8-B8DD-1C36B0AD7969}.Release|iPhone.Build.0 = Release|iPhone
		{9C41AB41-5FC4-4CE8-B8DD-1C36B0AD7969}.Release|iPhoneSimulator.ActiveCfg = Release|iPhoneSimulator
		{9C41AB41-5FC4-4CE8-B8DD-1C36B0AD7969}.Release|iPhoneSimulator.Build.0 = Release|iPhoneSimulator
		{9C41AB41-5FC4-4CE8-B8DD-1C36B0AD7969}.Release|x64.ActiveCfg = Release|iPhone
		{9C41AB41-5FC4-4CE8-B8DD-1C36B0AD7969}.Release|x86.ActiveCfg = Release|iPhone
		{D1EB2C58-39CC-4F1C-9D78-D267363972DB}.Ad-Hoc|Any CPU.ActiveCfg = Release|x86
		{D1EB2C58-39CC-4F1C-9D78-D267363972DB}.Ad-Hoc|Any CPU.Build.0 = Release|x86
		{D1EB2C58-39CC-4F1C-9D78-D267363972DB}.Ad-Hoc|Any CPU.Deploy.0 = Release|x86
		{D1EB2C58-39CC-4F1C-9D78-D267363972DB}.Ad-Hoc|ARM.ActiveCfg = Release|ARM
		{D1EB2C58-39CC-4F1C-9D78-D267363972DB}.Ad-Hoc|ARM.Build.0 = Release|ARM
		{D1EB2C58-39CC-4F1C-9D78-D267363972DB}.Ad-Hoc|ARM.Deploy.0 = Release|ARM
		{D1EB2C58-39CC-4F1C-9D78-D267363972DB}.Ad-Hoc|iPhone.ActiveCfg = Release|x86
		{D1EB2C58-39CC-4F1C-9D78-D267363972DB}.Ad-Hoc|iPhone.Build.0 = Release|x86
		{D1EB2C58-39CC-4F1C-9D78-D267363972DB}.Ad-Hoc|iPhone.Deploy.0 = Release|x86
		{D1EB2C58-39CC-4F1C-9D78-D267363972DB}.Ad-Hoc|iPhoneSimulator.ActiveCfg = Release|x86
		{D1EB2C58-39CC-4F1C-9D78-D267363972DB}.Ad-Hoc|iPhoneSimulator.Build.0 = Release|x86
		{D1EB2C58-39CC-4F1C-9D78-D267363972DB}.Ad-Hoc|iPhoneSimulator.Deploy.0 = Release|x86
		{D1EB2C58-39CC-4F1C-9D78-D267363972DB}.Ad-Hoc|x64.ActiveCfg = Release|x64
		{D1EB2C58-39CC-4F1C-9D78-D267363972DB}.Ad-Hoc|x64.Build.0 = Release|x64
		{D1EB2C58-39CC-4F1C-9D78-D267363972DB}.Ad-Hoc|x64.Deploy.0 = Release|x64
		{D1EB2C58-39CC-4F1C-9D78-D267363972DB}.Ad-Hoc|x86.ActiveCfg = Release|x86
		{D1EB2C58-39CC-4F1C-9D78-D267363972DB}.Ad-Hoc|x86.Build.0 = Release|x86
		{D1EB2C58-39CC-4F1C-9D78-D267363972DB}.Ad-Hoc|x86.Deploy.0 = Release|x86
		{D1EB2C58-39CC-4F1C-9D78-D267363972DB}.AppStore|Any CPU.ActiveCfg = Release|x86
		{D1EB2C58-39CC-4F1C-9D78-D267363972DB}.AppStore|Any CPU.Build.0 = Release|x86
		{D1EB2C58-39CC-4F1C-9D78-D267363972DB}.AppStore|Any CPU.Deploy.0 = Release|x86
		{D1EB2C58-39CC-4F1C-9D78-D267363972DB}.AppStore|ARM.ActiveCfg = Release|ARM
		{D1EB2C58-39CC-4F1C-9D78-D267363972DB}.AppStore|ARM.Build.0 = Release|ARM
		{D1EB2C58-39CC-4F1C-9D78-D267363972DB}.AppStore|ARM.Deploy.0 = Release|ARM
		{D1EB2C58-39CC-4F1C-9D78-D267363972DB}.AppStore|iPhone.ActiveCfg = Release|x86
		{D1EB2C58-39CC-4F1C-9D78-D267363972DB}.AppStore|iPhone.Build.0 = Release|x86
		{D1EB2C58-39CC-4F1C-9D78-D267363972DB}.AppStore|iPhone.Deploy.0 = Release|x86
		{D1EB2C58-39CC-4F1C-9D78-D267363972DB}.AppStore|iPhoneSimulator.ActiveCfg = Release|x86
		{D1EB2C58-39CC-4F1C-9D78-D267363972DB}.AppStore|iPhoneSimulator.Build.0 = Release|x86
		{D1EB2C58-39CC-4F1C-9D78-D267363972DB}.AppStore|iPhoneSimulator.Deploy.0 = Release|x86
		{D1EB2C58-39CC-4F1C-9D78-D267363972DB}.AppStore|x64.ActiveCfg = Release|x64
		{D1EB2C58-39CC-4F1C-9D78-D267363972DB}.AppStore|x64.Build.0 = Release|x64
		{D1EB2C58-39CC-4F1C-9D78-D267363972DB}.AppStore|x64.Deploy.0 = Release|x64
		{D1EB2C58-39CC-4F1C-9D78-D267363972DB}.AppStore|x86.ActiveCfg = Release|x86
		{D1EB2C58-39CC-4F1C-9D78-D267363972DB}.AppStore|x86.Build.0 = Release|x86
		{D1EB2C58-39CC-4F1C-9D78-D267363972DB}.AppStore|x86.Deploy.0 = Release|x86
		{D1EB2C58-39CC-4F1C-9D78-D267363972DB}.Debug|Any CPU.ActiveCfg = Debug|x86
		{D1EB2C58-39CC-4F1C-9D78-D267363972DB}.Debug|ARM.ActiveCfg = Debug|ARM
		{D1EB2C58-39CC-4F1C-9D78-D267363972DB}.Debug|ARM.Build.0 = Debug|ARM
		{D1EB2C58-39CC-4F1C-9D78-D267363972DB}.Debug|ARM.Deploy.0 = Debug|ARM
		{D1EB2C58-39CC-4F1C-9D78-D267363972DB}.Debug|iPhone.ActiveCfg = Debug|x86
		{D1EB2C58-39CC-4F1C-9D78-D267363972DB}.Debug|iPhoneSimulator.ActiveCfg = Debug|x86
		{D1EB2C58-39CC-4F1C-9D78-D267363972DB}.Debug|x64.ActiveCfg = Debug|x64
		{D1EB2C58-39CC-4F1C-9D78-D267363972DB}.Debug|x64.Build.0 = Debug|x64
		{D1EB2C58-39CC-4F1C-9D78-D267363972DB}.Debug|x64.Deploy.0 = Debug|x64
		{D1EB2C58-39CC-4F1C-9D78-D267363972DB}.Debug|x86.ActiveCfg = Debug|x86
		{D1EB2C58-39CC-4F1C-9D78-D267363972DB}.Debug|x86.Build.0 = Debug|x86
		{D1EB2C58-39CC-4F1C-9D78-D267363972DB}.Debug|x86.Deploy.0 = Debug|x86
		{D1EB2C58-39CC-4F1C-9D78-D267363972DB}.Release|Any CPU.ActiveCfg = Release|x86
		{D1EB2C58-39CC-4F1C-9D78-D267363972DB}.Release|ARM.ActiveCfg = Release|ARM
		{D1EB2C58-39CC-4F1C-9D78-D267363972DB}.Release|ARM.Build.0 = Release|ARM
		{D1EB2C58-39CC-4F1C-9D78-D267363972DB}.Release|ARM.Deploy.0 = Release|ARM
		{D1EB2C58-39CC-4F1C-9D78-D267363972DB}.Release|iPhone.ActiveCfg = Release|x86
		{D1EB2C58-39CC-4F1C-9D78-D267363972DB}.Release|iPhoneSimulator.ActiveCfg = Release|x86
		{D1EB2C58-39CC-4F1C-9D78-D267363972DB}.Release|x64.ActiveCfg = Release|x64
		{D1EB2C58-39CC-4F1C-9D78-D267363972DB}.Release|x64.Build.0 = Release|x64
		{D1EB2C58-39CC-4F1C-9D78-D267363972DB}.Release|x64.Deploy.0 = Release|x64
		{D1EB2C58-39CC-4F1C-9D78-D267363972DB}.Release|x86.ActiveCfg = Release|x86
		{D1EB2C58-39CC-4F1C-9D78-D267363972DB}.Release|x86.Build.0 = Release|x86
		{D1EB2C58-39CC-4F1C-9D78-D267363972DB}.Release|x86.Deploy.0 = Release|x86
	EndGlobalSection
	GlobalSection(SolutionProperties) = preSolution
		HideSolutionNode = FALSE
	EndGlobalSection
	GlobalSection(ExtensibilityGlobals) = postSolution
		SolutionGuid = {8758A1FD-C73B-494E-8BF5-BAFE3B7A5E7F}
	EndGlobalSection
EndGlobal
